// !$*UTF8*$!
{
	archiveVersion = 1;
	classes = {
	};
	objectVersion = 50;
	objects = {

/* Begin PBXBuildFile section */
		EB58A6F42553C1D5007771AD /* AppDelegate.swift in Sources */ = {isa = PBXBuildFile; fileRef = EB58A6F32553C1D5007771AD /* AppDelegate.swift */; };
		EB58A6F62553C1D5007771AD /* SceneDelegate.swift in Sources */ = {isa = PBXBuildFile; fileRef = EB58A6F52553C1D5007771AD /* SceneDelegate.swift */; };
		EB58A6F82553C1D5007771AD /* MainView.swift in Sources */ = {isa = PBXBuildFile; fileRef = EB58A6F72553C1D5007771AD /* MainView.swift */; };
		EB58A6FA2553C1D9007771AD /* Assets.xcassets in Resources */ = {isa = PBXBuildFile; fileRef = EB58A6F92553C1D9007771AD /* Assets.xcassets */; };
		EB58A6FD2553C1D9007771AD /* Preview Assets.xcassets in Resources */ = {isa = PBXBuildFile; fileRef = EB58A6FC2553C1D9007771AD /* Preview Assets.xcassets */; };
		EB58A7002553C1D9007771AD /* LaunchScreen.storyboard in Resources */ = {isa = PBXBuildFile; fileRef = EB58A6FE2553C1D9007771AD /* LaunchScreen.storyboard */; };
		EB58A7082553C439007771AD /* Todo.swift in Sources */ = {isa = PBXBuildFile; fileRef = EB58A7072553C439007771AD /* Todo.swift */; };
		EB58A70A2553C4EC007771AD /* AddTask.swift in Sources */ = {isa = PBXBuildFile; fileRef = EB58A7092553C4EC007771AD /* AddTask.swift */; };
		EB58A70C2553C566007771AD /* Profile.swift in Sources */ = {isa = PBXBuildFile; fileRef = EB58A70B2553C566007771AD /* Profile.swift */; };
/* End PBXBuildFile section */

/* Begin PBXFileReference section */
		EB58A6F02553C1D5007771AD /* ToDoWithSwiftUI.app */ = {isa = PBXFileReference; explicitFileType = wrapper.application; includeInIndex = 0; path = ToDoWithSwiftUI.app; sourceTree = BUILT_PRODUCTS_DIR; };
		EB58A6F32553C1D5007771AD /* AppDelegate.swift */ = {isa = PBXFileReference; lastKnownFileType = sourcecode.swift; path = AppDelegate.swift; sourceTree = "<group>"; };
		EB58A6F52553C1D5007771AD /* SceneDelegate.swift */ = {isa = PBXFileReference; lastKnownFileType = sourcecode.swift; path = SceneDelegate.swift; sourceTree = "<group>"; };
		EB58A6F72553C1D5007771AD /* MainView.swift */ = {isa = PBXFileReference; lastKnownFileType = sourcecode.swift; path = MainView.swift; sourceTree = "<group>"; };
		EB58A6F92553C1D9007771AD /* Assets.xcassets */ = {isa = PBXFileReference; lastKnownFileType = folder.assetcatalog; path = Assets.xcassets; sourceTree = "<group>"; };
		EB58A6FC2553C1D9007771AD /* Preview Assets.xcassets */ = {isa = PBXFileReference; lastKnownFileType = folder.assetcatalog; path = "Preview Assets.xcassets"; sourceTree = "<group>"; };
		EB58A6FF2553C1D9007771AD /* Base */ = {isa = PBXFileReference; lastKnownFileType = file.storyboard; name = Base; path = Base.lproj/LaunchScreen.storyboard; sourceTree = "<group>"; };
		EB58A7012553C1D9007771AD /* Info.plist */ = {isa = PBXFileReference; lastKnownFileType = text.plist.xml; path = Info.plist; sourceTree = "<group>"; };
		EB58A7072553C439007771AD /* Todo.swift */ = {isa = PBXFileReference; lastKnownFileType = sourcecode.swift; path = Todo.swift; sourceTree = "<group>"; };
		EB58A7092553C4EC007771AD /* AddTask.swift */ = {isa = PBXFileReference; lastKnownFileType = sourcecode.swift; path = AddTask.swift; sourceTree = "<group>"; };
		EB58A70B2553C566007771AD /* Profile.swift */ = {isa = PBXFileReference; lastKnownFileType = sourcecode.swift; path = Profile.swift; sourceTree = "<group>"; };
/* End PBXFileReference section */

/* Begin PBXFrameworksBuildPhase section */
		EB58A6ED2553C1D5007771AD /* Frameworks */ = {
			isa = PBXFrameworksBuildPhase;
			buildActionMask = 2147483647;
			files = (
			);
			runOnlyForDeploymentPostprocessing = 0;
		};
/* End PBXFrameworksBuildPhase section */

/* Begin PBXGroup section */
		EB58A6E72553C1D5007771AD = {
			isa = PBXGroup;
			children = (
				EB58A6F22553C1D5007771AD /* ToDoWithSwiftUI */,
				EB58A6F12553C1D5007771AD /* Products */,
			);
			sourceTree = "<group>";
		};
		EB58A6F12553C1D5007771AD /* Products */ = {
			isa = PBXGroup;
			children = (
				EB58A6F02553C1D5007771AD /* ToDoWithSwiftUI.app */,
			);
			name = Products;
			sourceTree = "<group>";
		};
		EB58A6F22553C1D5007771AD /* ToDoWithSwiftUI */ = {
			isa = PBXGroup;
			children = (
				EB58A6F32553C1D5007771AD /* AppDelegate.swift */,
				EB58A6F52553C1D5007771AD /* SceneDelegate.swift */,
				EB58A70D2553C890007771AD /* Views */,
				EB58A6F92553C1D9007771AD /* Assets.xcassets */,
				EB58A6FE2553C1D9007771AD /* LaunchScreen.storyboard */,
				EB58A7012553C1D9007771AD /* Info.plist */,
				EB58A6FB2553C1D9007771AD /* Preview Content */,
			);
			path = ToDoWithSwiftUI;
			sourceTree = "<group>";
		};
		EB58A6FB2553C1D9007771AD /* Preview Content */ = {
			isa = PBXGroup;
			children = (
				EB58A6FC2553C1D9007771AD /* Preview Assets.xcassets */,
			);
			path = "Preview Content";
			sourceTree = "<group>";
		};
		EB58A70D2553C890007771AD /* Views */ = {
			isa = PBXGroup;
			children = (
				EB58A6F72553C1D5007771AD /* MainView.swift */,
				EB58A7072553C439007771AD /* Todo.swift */,
				EB58A7092553C4EC007771AD /* AddTask.swift */,
				EB58A70B2553C566007771AD /* Profile.swift */,
			);
			path = Views;
			sourceTree = "<group>";
		};
/* End PBXGroup section */

/* Begin PBXNativeTarget section */
		EB58A6EF2553C1D5007771AD /* ToDoWithSwiftUI */ = {
			isa = PBXNativeTarget;
			buildConfigurationList = EB58A7042553C1D9007771AD /* Build configuration list for PBXNativeTarget "ToDoWithSwiftUI" */;
			buildPhases = (
				EB58A6EC2553C1D5007771AD /* Sources */,
				EB58A6ED2553C1D5007771AD /* Frameworks */,
				EB58A6EE2553C1D5007771AD /* Resources */,
			);
			buildRules = (
			);
			dependencies = (
			);
			name = ToDoWithSwiftUI;
			productName = ToDoWithSwiftUI;
			productReference = EB58A6F02553C1D5007771AD /* ToDoWithSwiftUI.app */;
			productType = "com.apple.product-type.application";
		};
/* End PBXNativeTarget section */

/* Begin PBXProject section */
		EB58A6E82553C1D5007771AD /* Project object */ = {
			isa = PBXProject;
			attributes = {
				LastSwiftUpdateCheck = 1160;
				LastUpgradeCheck = 1160;
				ORGANIZATIONNAME = Siliconplex;
				TargetAttributes = {
					EB58A6EF2553C1D5007771AD = {
						CreatedOnToolsVersion = 11.6;
					};
				};
			};
			buildConfigurationList = EB58A6EB2553C1D5007771AD /* Build configuration list for PBXProject "ToDoWithSwiftUI" */;
			compatibilityVersion = "Xcode 9.3";
			developmentRegion = en;
			hasScannedForEncodings = 0;
			knownRegions = (
				en,
				Base,
			);
			mainGroup = EB58A6E72553C1D5007771AD;
			productRefGroup = EB58A6F12553C1D5007771AD /* Products */;
			projectDirPath = "";
			projectRoot = "";
			targets = (
				EB58A6EF2553C1D5007771AD /* ToDoWithSwiftUI */,
			);
		};
/* End PBXProject section */

/* Begin PBXResourcesBuildPhase section */
		EB58A6EE2553C1D5007771AD /* Resources */ = {
			isa = PBXResourcesBuildPhase;
			buildActionMask = 2147483647;
			files = (
				EB58A7002553C1D9007771AD /* LaunchScreen.storyboard in Resources */,
				EB58A6FD2553C1D9007771AD /* Preview Assets.xcassets in Resources */,
				EB58A6FA2553C1D9007771AD /* Assets.xcassets in Resources */,
			);
			runOnlyForDeploymentPostprocessing = 0;
		};
/* End PBXResourcesBuildPhase section */

/* Begin PBXSourcesBuildPhase section */
		EB58A6EC2553C1D5007771AD /* Sources */ = {
			isa = PBXSourcesBuildPhase;
			buildActionMask = 2147483647;
			files = (
				EB58A6F42553C1D5007771AD /* AppDelegate.swift in Sources */,
				EB58A70A2553C4EC007771AD /* AddTask.swift in Sources */,
				EB58A70C2553C566007771AD /* Profile.swift in Sources */,
				EB58A7082553C439007771AD /* Todo.swift in Sources */,
				EB58A6F62553C1D5007771AD /* SceneDelegate.swift in Sources */,
				EB58A6F82553C1D5007771AD /* MainView.swift in Sources */,
			);
			runOnlyForDeploymentPostprocessing = 0;
		};
/* End PBXSourcesBuildPhase section */

/* Begin PBXVariantGroup section */
		EB58A6FE2553C1D9007771AD /* LaunchScreen.storyboard */ = {
			isa = PBXVariantGroup;
			children = (
				EB58A6FF2553C1D9007771AD /* Base */,
			);
			name = LaunchScreen.storyboard;
			sourceTree = "<group>";
		};
/* End PBXVariantGroup section */

/* Begin XCBuildConfiguration section */
		EB58A7022553C1D9007771AD /* Debug */ = {
			isa = XCBuildConfiguration;
			buildSettings = {
				ALWAYS_SEARCH_USER_PATHS = NO;
				CLANG_ANALYZER_NONNULL = YES;
				CLANG_ANALYZER_NUMBER_OBJECT_CONVERSION = YES_AGGRESSIVE;
				CLANG_CXX_LANGUAGE_STANDARD = "gnu++14";
				CLANG_CXX_LIBRARY = "libc++";
				CLANG_ENABLE_MODULES = YES;
				CLANG_ENABLE_OBJC_ARC = YES;
				CLANG_ENABLE_OBJC_WEAK = YES;
				CLANG_WARN_BLOCK_CAPTURE_AUTORELEASING = YES;
				CLANG_WARN_BOOL_CONVERSION = YES;
				CLANG_WARN_COMMA = YES;
				CLANG_WARN_CONSTANT_CONVERSION = YES;
				CLANG_WARN_DEPRECATED_OBJC_IMPLEMENTATIONS = YES;
				CLANG_WARN_DIRECT_OBJC_ISA_USAGE = YES_ERROR;
				CLANG_WARN_DOCUMENTATION_COMMENTS = YES;
				CLANG_WARN_EMPTY_BODY = YES;
				CLANG_WARN_ENUM_CONVERSION = YES;
				CLANG_WARN_INFINITE_RECURSION = YES;
				CLANG_WARN_INT_CONVERSION = YES;
				CLANG_WARN_NON_LITERAL_NULL_CONVERSION = YES;
				CLANG_WARN_OBJC_IMPLICIT_RETAIN_SELF = YES;
				CLANG_WARN_OBJC_LITERAL_CONVERSION = YES;
				CLANG_WARN_OBJC_ROOT_CLASS = YES_ERROR;
				CLANG_WARN_RANGE_LOOP_ANALYSIS = YES;
				CLANG_WARN_STRICT_PROTOTYPES = YES;
				CLANG_WARN_SUSPICIOUS_MOVE = YES;
				CLANG_WARN_UNGUARDED_AVAILABILITY = YES_AGGRESSIVE;
				CLANG_WARN_UNREACHABLE_CODE = YES;
				CLANG_WARN__DUPLICATE_METHOD_MATCH = YES;
				COPY_PHASE_STRIP = NO;
				DEBUG_INFORMATION_FORMAT = dwarf;
				ENABLE_STRICT_OBJC_MSGSEND = YES;
				ENABLE_TESTABILITY = YES;
				GCC_C_LANGUAGE_STANDARD = gnu11;
				GCC_DYNAMIC_NO_PIC = NO;
				GCC_NO_COMMON_BLOCKS = YES;
				GCC_OPTIMIZATION_LEVEL = 0;
				GCC_PREPROCESSOR_DEFINITIONS = (
					"DEBUG=1",
					"$(inherited)",
				);
				GCC_WARN_64_TO_32_BIT_CONVERSION = YES;
				GCC_WARN_ABOUT_RETURN_TYPE = YES_ERROR;
				GCC_WARN_UNDECLARED_SELECTOR = YES;
				GCC_WARN_UNINITIALIZED_AUTOS = YES_AGGRESSIVE;
				GCC_WARN_UNUSED_FUNCTION = YES;
				GCC_WARN_UNUSED_VARIABLE = YES;
				IPHONEOS_DEPLOYMENT_TARGET = 13.6;
				MTL_ENABLE_DEBUG_INFO = INCLUDE_SOURCE;
				MTL_FAST_MATH = YES;
				ONLY_ACTIVE_ARCH = YES;
				SDKROOT = iphoneos;
				SWIFT_ACTIVE_COMPILATION_CONDITIONS = DEBUG;
				SWIFT_OPTIMIZATION_LEVEL = "-Onone";
			};
			name = Debug;
		};
		EB58A7032553C1D9007771AD /* Release */ = {
			isa = XCBuildConfiguration;
			buildSettings = {
				ALWAYS_SEARCH_USER_PATHS = NO;
				CLANG_ANALYZER_NONNULL = YES;
				CLANG_ANALYZER_NUMBER_OBJECT_CONVERSION = YES_AGGRESSIVE;
				CLANG_CXX_LANGUAGE_STANDARD = "gnu++14";
				CLANG_CXX_LIBRARY = "libc++";
				CLANG_ENABLE_MODULES = YES;
				CLANG_ENABLE_OBJC_ARC = YES;
				CLANG_ENABLE_OBJC_WEAK = YES;
				CLANG_WARN_BLOCK_CAPTURE_AUTORELEASING = YES;
				CLANG_WARN_BOOL_CONVERSION = YES;
				CLANG_WARN_COMMA = YES;
				CLANG_WARN_CONSTANT_CONVERSION = YES;
				CLANG_WARN_DEPRECATED_OBJC_IMPLEMENTATIONS = YES;
				CLANG_WARN_DIRECT_OBJC_ISA_USAGE = YES_ERROR;
				CLANG_WARN_DOCUMENTATION_COMMENTS = YES;
				CLANG_WARN_EMPTY_BODY = YES;
				CLANG_WARN_ENUM_CONVERSION = YES;
				CLANG_WARN_INFINITE_RECURSION = YES;
				CLANG_WARN_INT_CONVERSION = YES;
				CLANG_WARN_NON_LITERAL_NULL_CONVERSION = YES;
				CLANG_WARN_OBJC_IMPLICIT_RETAIN_SELF = YES;
				CLANG_WARN_OBJC_LITERAL_CONVERSION = YES;
				CLANG_WARN_OBJC_ROOT_CLASS = YES_ERROR;
				CLANG_WARN_RANGE_LOOP_ANALYSIS = YES;
				CLANG_WARN_STRICT_PROTOTYPES = YES;
				CLANG_WARN_SUSPICIOUS_MOVE = YES;
				CLANG_WARN_UNGUARDED_AVAILABILITY = YES_AGGRESSIVE;
				CLANG_WARN_UNREACHABLE_CODE = YES;
				CLANG_WARN__DUPLICATE_METHOD_MATCH = YES;
				COPY_PHASE_STRIP = NO;
				DEBUG_INFORMATION_FORMAT = "dwarf-with-dsym";
				ENABLE_NS_ASSERTIONS = NO;
				ENABLE_STRICT_OBJC_MSGSEND = YES;
				GCC_C_LANGUAGE_STANDARD = gnu11;
				GCC_NO_COMMON_BLOCKS = YES;
				GCC_WARN_64_TO_32_BIT_CONVERSION = YES;
				GCC_WARN_ABOUT_RETURN_TYPE = YES_ERROR;
				GCC_WARN_UNDECLARED_SELECTOR = YES;
				GCC_WARN_UNINITIALIZED_AUTOS = YES_AGGRESSIVE;
				GCC_WARN_UNUSED_FUNCTION = YES;
				GCC_WARN_UNUSED_VARIABLE = YES;
				IPHONEOS_DEPLOYMENT_TARGET = 13.6;
				MTL_ENABLE_DEBUG_INFO = NO;
				MTL_FAST_MATH = YES;
				SDKROOT = iphoneos;
				SWIFT_COMPILATION_MODE = wholemodule;
				SWIFT_OPTIMIZATION_LEVEL = "-O";
				VALIDATE_PRODUCT = YES;
			};
			name = Release;
		};
		EB58A7052553C1D9007771AD /* Debug */ = {
			isa = XCBuildConfiguration;
			buildSettings = {
				ASSETCATALOG_COMPILER_APPICON_NAME = AppIcon;
				CODE_SIGN_STYLE = Automatic;
				DEVELOPMENT_ASSET_PATHS = "\"ToDoWithSwiftUI/Preview Content\"";
				ENABLE_PREVIEWS = YES;
				INFOPLIST_FILE = ToDoWithSwiftUI/Info.plist;
				LD_RUNPATH_SEARCH_PATHS = (
					"$(inherited)",
					"@executable_path/Frameworks",
				);
				PRODUCT_BUNDLE_IDENTIFIER = com.siliconplex.ToDoWithSwiftUI;
				PRODUCT_NAME = "$(TARGET_NAME)";
				SWIFT_VERSION = 5.0;
				TARGETED_DEVICE_FAMILY = "1,2";
			};
			name = Debug;
		};
		EB58A7062553C1D9007771AD /* Release */ = {
			isa = XCBuildConfiguration;
			buildSettings = {
				ASSETCATALOG_COMPILER_APPICON_NAME = AppIcon;
				CODE_SIGN_STYLE = Automatic;
				DEVELOPMENT_ASSET_PATHS = "\"ToDoWithSwiftUI/Preview Content\"";
				ENABLE_PREVIEWS = YES;
				INFOPLIST_FILE = ToDoWithSwiftUI/Info.plist;
				LD_RUNPATH_SEARCH_PATHS = (
					"$(inherited)",
					"@executable_path/Frameworks",
				);
				PRODUCT_BUNDLE_IDENTIFIER = com.siliconplex.ToDoWithSwiftUI;
				PRODUCT_NAME = "$(TARGET_NAME)";
				SWIFT_VERSION = 5.0;
				TARGETED_DEVICE_FAMILY = "1,2";
			};
			name = Release;
		};
/* End XCBuildConfiguration section */

/* Begin XCConfigurationList section */
		EB58A6EB2553C1D5007771AD /* Build configuration list for PBXProject "ToDoWithSwiftUI" */ = {
			isa = XCConfigurationList;
			buildConfigurations = (
				EB58A7022553C1D9007771AD /* Debug */,
				EB58A7032553C1D9007771AD /* Release */,
			);
			defaultConfigurationIsVisible = 0;
			defaultConfigurationName = Release;
		};
		EB58A7042553C1D9007771AD /* Build configuration list for PBXNativeTarget "ToDoWithSwiftUI" */ = {
			isa = XCConfigurationList;
			buildConfigurations = (
				EB58A7052553C1D9007771AD /* Debug */,
				EB58A7062553C1D9007771AD /* Release */,
			);
			defaultConfigurationIsVisible = 0;
			defaultConfigurationName = Release;
		};
/* End XCConfigurationList section */
	};
	rootObject = EB58A6E82553C1D5007771AD /* Project object */;
}
